{
    "_meta": {
        "hash": {
            "sha256": "00c69f40b4c309f4584a2e7298d2f23fc5d6738797514e5c7de00e9f0b441182"
        },
        "pipfile-spec": 6,
        "requires": {
            "python_version": "3.6"
        },
        "sources": [
            {
                "name": "pypi",
                "url": "https://pypi.org/simple",
                "verify_ssl": true
            }
        ]
    },
    "default": {
        "llvmlite": {
            "hashes": [
                "sha256:0c48be698f4303d8ff7966e41270cd392c2ef1e681ef69fb3f3fb03750285704",
                "sha256:1dc531d45a5e3938d8b7cccf48379a392b6c5353fa26e3f994805ede83e00d87",
                "sha256:23d31542ec7b442439e4df428fa0c12d12bec3e8ac5b3bad49f54b0d6f344c25",
                "sha256:31000d019db84976a3cd9649102ef2b4713c3c65c2f83fb7e981b196f62761e8",
                "sha256:320de4c4a1c105b91629305be069d217f3a9d7fbe32cb22bcfb016361895fc07",
                "sha256:39264af5113cf55f6fb4981dfd672a99a599d59ed38b682a95e4e8be1f256f25",
                "sha256:3e6ba641abb4af80bb5d4a072a3510dc953218ecb5218eae9c994996c5f9c6e8",
                "sha256:59372eb3b710e3c05936e42b8bb1d0ef3481da26e097d0a6c6a049733f3c8a99",
                "sha256:7da3e0c5d09aad2ccec32e256b37ea2d5ce557a9b98c4ec00ad80f1770db7659",
                "sha256:8817e023b86d840550669e35213917431ee8f16066a82ce59ad9c7f116375127",
                "sha256:951acf91f4f263cf528b6c438ac2d9d127b171dea01cc2973866b8b61426fa2e",
                "sha256:95fe4be10bf2a95622cbd98d80b92e3fc2e2504ea877dca83e54594c2b33a0ab",
                "sha256:c7f74d94349ba852704a3eba695e0086c000ae7e713fb81065eb555471d4b67c",
                "sha256:d277d24e881d557b7b720abd76cbfec10787e447653069ac9202ff1ecf68c9bb",
                "sha256:d5f24ae1210575d832fabab04b198d11a1cff45781f5fd87301216551f43ce01",
                "sha256:ea1f94a13f6e9e6c3c6adb2edfd1158d47e85b938632e23808c9f8d35b962c8c"
            ],
            "version": "==0.24.0"
        },
        "numba": {
            "hashes": [
                "sha256:07749d1ddac8c4c0ce8b22bf3dec52ef2fd4922174c71447126807f5f8dc2bae",
                "sha256:3a035de250a1b1f4c9332092a3caabb0f9fd527e027483e6d02edc4a160fc174",
                "sha256:44b2d2430f4f022bbf61cf4e3cd8319aa01b9bc253ce2671c84237e0c8c1b386",
                "sha256:4aebb89e4c7438cd897b2014d47a4eb09cca6606e8de0f82178a80b0f76bcacd",
                "sha256:5050223d1539af9ea9ed89b71b3eebdf01e0549b101328a7d5450314a9410d5f",
                "sha256:52dc8aa38ec07dd84df3239a2655d807c764313b3ac003ea409d176254a2b278",
                "sha256:628d26df7e39e2dc924b3aceb41d023a7d0b9772afdbce1e42ef18e3b6acbfcf",
                "sha256:71723a5bdcffe6a570c019d75234ca68d47d4f2e56ee1654fb30a7e5342e80aa",
                "sha256:7f5bfab40dff26bd23fc5d4e482840bcf64c50126013a03fbdcdc13fc1d13d48",
                "sha256:8ad7d73e1410266c17c4c201401799dc759bcc7c858c9922aa1938667b4ff322",
                "sha256:91b124506439aaa57fd1313c1f1506cd439b300e066af9696ede716a8803cf49",
                "sha256:a243416844c942f62b7760d4d3b8450e7dc6d11f144b77e8030695c0ee27c3eb",
                "sha256:afd26fffd0b310509d2d24def3ff7460bd1c5100ccc49d7ec051a75e34f07329",
                "sha256:c379f1a379883ba5a4cc76b751b367e9a3770fc08d366a540ba2520cd56e3350",
                "sha256:f2464d358a30c0b00a93523a728a3f6aafe6dc8e85cad35814a1f11f8d163d2f",
                "sha256:fbdab1f7085485727ffa9dbcf5e968e025474bde730542464e8e51152dd0fe8b"
            ],
            "index": "pypi",
            "version": "==0.39.0"
        },
        "numpy": {
            "hashes": [
                "sha256:07379fe0b450f6fd6e5934a9bc015025bb4ce1c8fbed3ca8bef29328b1bc9570",
                "sha256:085afac75bbc97a096744fcfc97a4b321c5a87220286811e85089ae04885acdd",
                "sha256:2d6481c6bdab1c75affc0fc71eb1bd4b3ecef620d06f2f60c3f00521d54be04f",
                "sha256:2df854df882d322d5c23087a4959e145b953dfff2abe1774fec4f639ac2f3160",
                "sha256:381ad13c30cd1d0b2f3da8a0c1a4aa697487e8bb0e9e0cbeb7439776bcb645f8",
                "sha256:385f1ce46e08676505b692bfde918c1e0b350963a15ef52d77691c2cf0f5dbf6",
                "sha256:4130e5ae16c656b7de654dc5e595cfeb85d3a4b0bb0734d19c0dce6dc7ee0e07",
                "sha256:4d278c2261be6423c5e63d8f0ceb1b0c6db3ff83f2906f4b860db6ae99ca1bb5",
                "sha256:51c5dcb51cf88b34b7d04c15f600b07c6ccbb73a089a38af2ab83c02862318da",
                "sha256:589336ba5199c8061239cf446ee2f2f1fcc0c68e8531ee1382b6fc0c66b2d388",
                "sha256:5ae3564cb630e155a650f4f9c054589848e97836bebae5637240a0d8099f817b",
                "sha256:5edf1acc827ed139086af95ce4449b7b664f57a8c29eb755411a634be280d9f2",
                "sha256:6b82b81c6b3b70ed40bc6d0b71222ebfcd6b6c04a6e7945a936e514b9113d5a3",
                "sha256:6c57f973218b776195d0356e556ec932698f3a563e2f640cfca7020086383f50",
                "sha256:758d1091a501fd2d75034e55e7e98bfd1370dc089160845c242db1c760d944d9",
                "sha256:8622db292b766719810e0cb0f62ef6141e15fe32b04e4eb2959888319e59336b",
                "sha256:8b8dcfcd630f1981f0f1e3846fae883376762a0c1b472baa35b145b911683b7b",
                "sha256:91fdd510743ae4df862dbd51a4354519dd9fb8941347526cd9c2194b792b3da9",
                "sha256:97fa8f1dceffab782069b291e38c4c2227f255cdac5f1e3346666931df87373e",
                "sha256:9b705f18b26fb551366ab6347ba9941b62272bf71c6bbcadcd8af94d10535241",
                "sha256:9d69967673ab7b028c2df09cae05ba56bf4e39e3cb04ebe452b6035c3b49848e",
                "sha256:9e1f53afae865cc32459ad211493cf9e2a3651a7295b7a38654ef3d123808996",
                "sha256:a4a433b3a264dbc9aa9c7c241e87c0358a503ea6394f8737df1683c7c9a102ac",
                "sha256:baadc5f770917ada556afb7651a68176559f4dca5f4b2d0947cd15b9fb84fb51",
                "sha256:c725d11990a9243e6ceffe0ab25a07c46c1cc2c5dc55e305717b5afe856c9608",
                "sha256:d696a8c87315a83983fc59dd27efe034292b9e8ad667aeae51a68b4be14690d9",
                "sha256:e1864a4e9f93ddb2dc6b62ccc2ec1f8250ff4ac0d3d7a15c8985dd4e1fbd6418",
                "sha256:e1d18421a7e2ad4a655b76e65d549d4159f8874c18a417464c1d439ee7ccc7cd"
            ],
            "index": "pypi",
            "version": "==1.14.5"
        },
        "pyedflib": {
            "hashes": [
                "sha256:087fe3c7e1835763858c12ee5f1a23df19ae12b6caa32c99fde4fa78ed7c31a7",
                "sha256:0a9fba988769beee8efd59a2c385a8f0efebed9030cfa2a182c08261ebb26f5d",
                "sha256:14bcd4df15518651a46d610d3cd475329fd944f7d7d5a41fef0b379282ad0e84",
                "sha256:1802545e01a998402324f7d296b17bbbe3f089994c2e90a7e093f31d1fcc6f93",
                "sha256:2bdab7ea8cf7d7df27a4eb5e876aceeb13c948a4b4daf2578b19df8a971f733a",
                "sha256:2c8db55511fa33eef41df45c8122b2de46a066e2ea2742488ea73bf94dd00888",
                "sha256:364e3eb2252962bc912bd6aa71cb6a85631bbce1cb8608266acf1f39954aeddf",
                "sha256:50e653ccb9c555cf826ae19db42ea650d6bf30a917c7b07b37f37ed386ac2b32",
                "sha256:5269e16fdc93054c69e46ea0852261e711bd470d68fbfa3696eed5f30858f575",
                "sha256:5709c877dfe2e6d01c23bfe721422e5e2382d41a89b40c233de39f09277a72b4",
                "sha256:57f646451b18ccf99938a9284c3fa10ac3dcc948e9445afd1f2a9632f4d286e0",
                "sha256:709f36abdbdad04c880f7f785670c6db27d5369139aec096fb9d63d8b63416b8",
                "sha256:729dfe5202e45676c1a867431d1044dc136ee7bfac95844ba08ef7b0e5810682",
                "sha256:880a394fcc4b4d455cfc475d5aaee2959e91f0c1d9088436803f8ce679075da2",
                "sha256:967a3c19589d8c9c1ba637e165bdf755f0fe4401bd686531f202106bc454ddf4",
                "sha256:a1016b5afa332f63cbfdece3a6ae8c084c826494317a34fddab18d2666fbff05",
                "sha256:a30f5c04d134a20703d76ecd00b58baec31b7698fcc527b4c2ae803057de8d0d",
                "sha256:acd2f21116bad6c1b5130c338659409d30abb4a14e67e0e26b4856e699ea4260",
                "sha256:bed92508c067b6b52cf3d9485c54a63f9e4a41cc01bc5f2aa09015fd47e06698",
                "sha256:cc1031c029d03d68766aced1689080e6d0bace5248bc3e8fa715b5a4ee01313d",
                "sha256:d7d761eb8f7fd5fb2d6495b85a9125dd112111e10ddd9009a8d24a48033bbe39",
                "sha256:e1d8c444cb00ca620076ca9d0878cbbc7f417c9b24e8d2417bce62dd08b42566",
                "sha256:f2eb6846fbfbd68ce15d649a015d1a719a2e8109b726149d23259281ef2c691b"
            ],
            "index": "pypi",
            "markers": "python_version != '3.1.*' and python_version >= '2.7' and python_version != '3.2.*' and python_version != '3.0.*' and python_version != '3.3.*'",
            "version": "==0.1.12"
        },
        "pyqt5": {
            "hashes": [
                "sha256:700b8bb0357bf0ac312bce283449de733f5773dfc77083664be188c8e964c007",
                "sha256:76d52f3627fac8bfdbc4857ce52a615cd879abd79890cde347682ff9b4b245a2",
                "sha256:7d0f7c0aed9c3ef70d5856e99f30ebcfe25a58300158dd46ee544cbe1c5b53db",
                "sha256:d5dc2faf0aeacd0e8b69af1dc9f1276a64020193148356bb319bdfae22b78f88"
            ],
            "index": "pypi",
            "version": "==5.11.2"
        },
        "pyqt5-sip": {
            "hashes": [
                "sha256:3bcd8efae7798ce41aa7c3a052bd5ce1849f437530b8a717bae39197e780f505",
                "sha256:4a3c5767d6c238d8c62d252ac59312fac8b2264a1e8a5670081d7f3545893005",
                "sha256:67481d70fb0c7fb83e77b9025e15d0e78c7647c228eef934bd20ba716845a519",
                "sha256:7b2e563e4e56adee00101a29913fdcc49cc714f6c4f7eb35449f493c3a88fc45",
                "sha256:92a4950cba7ad7b7f67c09bdf80170ac225b38844b3a10f1271b02bace2ffc64",
                "sha256:9309c10f9e648521cfe03b62f4658dad2314f81886062cb30e0ad31b337e14b0",
                "sha256:9f524e60fa6113b50c48fbd869b2aef19833f3fe278097b1e7403e8f4dd5392c",
                "sha256:a10f59ad65b34e183853e1387b68901f473a2041f7398fac87c4e445ab149830",
                "sha256:abc2b2df469b4efb01d9dba4b804cbf0312f109ed74752dc3a37394a77d55b1f",
                "sha256:c09c17009a2dd2a6317a14d3cea9b2300fdb2206cf9bc4bae0870d1919897935",
                "sha256:c30c162e1430fd5a02207f1bd478e170c61d89fcca11ac6d8babb73cb33a86a8",
                "sha256:f00ceceef75a2140fda737bd30847ac69b7d92fbd32b6ea7b387017e72176bd8"
            ],
            "version": "==4.19.12"
        },
        "pyqtgraph": {
            "hashes": [
                "sha256:4c08ab34881fae5ecf9ddfe6c1220b9e41e6d3eb1579a7d8ef501abb8e509251"
            ],
            "index": "pypi",
            "version": "==0.10.0"
        },
        "qtawesome": {
            "hashes": [
                "sha256:2f0eecff1bb097a6d9be5027e621b1a9b87cff24ea5135d67be1cf884c506d0a",
                "sha256:50f9c1d9ce34e57f5b13ef76d5c87e06de9804b8dfe1c34c4ba73197200f878a"
            ],
            "index": "pypi",
            "version": "==0.4.4"
        },
        "qtpy": {
            "hashes": [
                "sha256:09361dbfe5e7b35ee038ef727b2b21ca764285243d1d028fedc322d5cb05b9ef",
                "sha256:1d1a4343540433a203280f162d43226e4c87489155fe4a9a6f1923ba11362bf9"
            ],
            "index": "pypi",
            "version": "==1.4.2"
        },
        "scipy": {
            "hashes": [
                "sha256:0611ee97296265af4a21164a5323f8c1b4e8e15c582d3dfa7610825900136bb7",
                "sha256:08237eda23fd8e4e54838258b124f1cd141379a5f281b0a234ca99b38918c07a",
                "sha256:0e645dbfc03f279e1946cf07c9c754c2a1859cb4a41c5f70b25f6b3a586b6dbd",
                "sha256:0e9bb7efe5f051ea7212555b290e784b82f21ffd0f655405ac4f87e288b730b3",
                "sha256:108c16640849e5827e7d51023efb3bd79244098c3f21e4897a1007720cb7ce37",
                "sha256:340ef70f5b0f4e2b4b43c8c8061165911bc6b2ad16f8de85d9774545e2c47463",
                "sha256:3ad73dfc6f82e494195144bd3a129c7241e761179b7cb5c07b9a0ede99c686f3",
                "sha256:3b243c77a822cd034dad53058d7c2abf80062aa6f4a32e9799c95d6391558631",
                "sha256:404a00314e85eca9d46b80929571b938e97a143b4f2ddc2b2b3c91a4c4ead9c5",
                "sha256:423b3ff76957d29d1cce1bc0d62ebaf9a3fdfaf62344e3fdec14619bb7b5ad3a",
                "sha256:42d9149a2fff7affdd352d157fa5717033767857c11bd55aa4a519a44343dfef",
                "sha256:625f25a6b7d795e8830cb70439453c9f163e6870e710ec99eba5722775b318f3",
                "sha256:698c6409da58686f2df3d6f815491fd5b4c2de6817a45379517c92366eea208f",
                "sha256:729f8f8363d32cebcb946de278324ab43d28096f36593be6281ca1ee86ce6559",
                "sha256:8190770146a4c8ed5d330d5b5ad1c76251c63349d25c96b3094875b930c44692",
                "sha256:878352408424dffaa695ffedf2f9f92844e116686923ed9aa8626fc30d32cfd1",
                "sha256:8b984f0821577d889f3c7ca8445564175fb4ac7c7f9659b7c60bef95b2b70e76",
                "sha256:8f841bbc21d3dad2111a94c490fb0a591b8612ffea86b8e5571746ae76a3deac",
                "sha256:c22b27371b3866c92796e5d7907e914f0e58a36d3222c5d436ddd3f0e354227a",
                "sha256:d0cdd5658b49a722783b8b4f61a6f1f9c75042d0e29a30ccb6cacc9b25f6d9e2",
                "sha256:d40dc7f494b06dcee0d303e51a00451b2da6119acbeaccf8369f2d29e28917ac",
                "sha256:d8491d4784aceb1f100ddb8e31239c54e4afab8d607928a9f7ef2469ec35ae01",
                "sha256:dfc5080c38dde3f43d8fbb9c0539a7839683475226cf83e4b24363b227dfe552",
                "sha256:e24e22c8d98d3c704bb3410bce9b69e122a8de487ad3dbfe9985d154e5c03a40",
                "sha256:e7a01e53163818d56eabddcafdc2090e9daba178aad05516b20c6591c4811020",
                "sha256:ee677635393414930541a096fc8e61634304bb0153e4e02b75685b11eba14cae",
                "sha256:f0521af1b722265d824d6ad055acfe9bd3341765735c44b5a4d0069e189a0f40",
                "sha256:f25c281f12c0da726c6ed00535ca5d1622ec755c30a3f8eafef26cf43fede694"
            ],
            "index": "pypi",
            "version": "==1.1.0"
        },
        "six": {
            "hashes": [
                "sha256:70e8a77beed4562e7f14fe23a786b54f6296e34344c23bc42f07b15018ff98e9",
                "sha256:832dc0e10feb1aa2c68dcc57dbb658f1c7e65b9b61af69048abc87a2db00a0eb"
            ],
            "version": "==1.11.0"
        },
        "sqlalchemy": {
            "hashes": [
                "sha256:72325e67fb85f6e9ad304c603d83626d1df684fdf0c7ab1f0352e71feeab69d8"
            ],
            "index": "pypi",
            "version": "==1.2.10"
        },
        "timeview": {
            "editable": true,
            "path": "."
        }
    },
    "develop": {
        "atomicwrites": {
            "hashes": [
                "sha256:240831ea22da9ab882b551b31d4225591e5e447a68c5e188db5b89ca1d487585",
                "sha256:a24da68318b08ac9c9c45029f4a10371ab5b20e4226738e150e6e7c571630ae6"
            ],
            "version": "==1.1.5"
        },
        "attrs": {
            "hashes": [
                "sha256:4b90b09eeeb9b88c35bc642cbac057e45a5fd85367b985bd2809c62b7b939265",
                "sha256:e0d0eb91441a3b53dab4d9b743eafc1ac44476296a2053b6ca3af0b139faf87b"
            ],
            "version": "==18.1.0"
        },
        "llvmlite": {
            "hashes": [
                "sha256:0c48be698f4303d8ff7966e41270cd392c2ef1e681ef69fb3f3fb03750285704",
                "sha256:1dc531d45a5e3938d8b7cccf48379a392b6c5353fa26e3f994805ede83e00d87",
                "sha256:23d31542ec7b442439e4df428fa0c12d12bec3e8ac5b3bad49f54b0d6f344c25",
                "sha256:31000d019db84976a3cd9649102ef2b4713c3c65c2f83fb7e981b196f62761e8",
                "sha256:320de4c4a1c105b91629305be069d217f3a9d7fbe32cb22bcfb016361895fc07",
                "sha256:39264af5113cf55f6fb4981dfd672a99a599d59ed38b682a95e4e8be1f256f25",
                "sha256:3e6ba641abb4af80bb5d4a072a3510dc953218ecb5218eae9c994996c5f9c6e8",
                "sha256:59372eb3b710e3c05936e42b8bb1d0ef3481da26e097d0a6c6a049733f3c8a99",
                "sha256:7da3e0c5d09aad2ccec32e256b37ea2d5ce557a9b98c4ec00ad80f1770db7659",
                "sha256:8817e023b86d840550669e35213917431ee8f16066a82ce59ad9c7f116375127",
                "sha256:951acf91f4f263cf528b6c438ac2d9d127b171dea01cc2973866b8b61426fa2e",
                "sha256:95fe4be10bf2a95622cbd98d80b92e3fc2e2504ea877dca83e54594c2b33a0ab",
                "sha256:c7f74d94349ba852704a3eba695e0086c000ae7e713fb81065eb555471d4b67c",
                "sha256:d277d24e881d557b7b720abd76cbfec10787e447653069ac9202ff1ecf68c9bb",
                "sha256:d5f24ae1210575d832fabab04b198d11a1cff45781f5fd87301216551f43ce01",
                "sha256:ea1f94a13f6e9e6c3c6adb2edfd1158d47e85b938632e23808c9f8d35b962c8c"
            ],
            "version": "==0.24.0"
        },
        "more-itertools": {
            "hashes": [
                "sha256:2b6b9893337bfd9166bee6a62c2b0c9fe7735dcf85948b387ec8cba30e85d8e8",
                "sha256:6703844a52d3588f951883005efcf555e49566a48afd4db4e965d69b883980d3",
                "sha256:a18d870ef2ffca2b8463c0070ad17b5978056f403fb64e3f15fe62a52db21cc0"
            ],
            "version": "==4.2.0"
        },
        "numba": {
            "hashes": [
                "sha256:07749d1ddac8c4c0ce8b22bf3dec52ef2fd4922174c71447126807f5f8dc2bae",
                "sha256:3a035de250a1b1f4c9332092a3caabb0f9fd527e027483e6d02edc4a160fc174",
                "sha256:44b2d2430f4f022bbf61cf4e3cd8319aa01b9bc253ce2671c84237e0c8c1b386",
                "sha256:4aebb89e4c7438cd897b2014d47a4eb09cca6606e8de0f82178a80b0f76bcacd",
                "sha256:5050223d1539af9ea9ed89b71b3eebdf01e0549b101328a7d5450314a9410d5f",
                "sha256:52dc8aa38ec07dd84df3239a2655d807c764313b3ac003ea409d176254a2b278",
                "sha256:628d26df7e39e2dc924b3aceb41d023a7d0b9772afdbce1e42ef18e3b6acbfcf",
                "sha256:71723a5bdcffe6a570c019d75234ca68d47d4f2e56ee1654fb30a7e5342e80aa",
                "sha256:7f5bfab40dff26bd23fc5d4e482840bcf64c50126013a03fbdcdc13fc1d13d48",
                "sha256:8ad7d73e1410266c17c4c201401799dc759bcc7c858c9922aa1938667b4ff322",
                "sha256:91b124506439aaa57fd1313c1f1506cd439b300e066af9696ede716a8803cf49",
                "sha256:a243416844c942f62b7760d4d3b8450e7dc6d11f144b77e8030695c0ee27c3eb",
                "sha256:afd26fffd0b310509d2d24def3ff7460bd1c5100ccc49d7ec051a75e34f07329",
                "sha256:c379f1a379883ba5a4cc76b751b367e9a3770fc08d366a540ba2520cd56e3350",
                "sha256:f2464d358a30c0b00a93523a728a3f6aafe6dc8e85cad35814a1f11f8d163d2f",
                "sha256:fbdab1f7085485727ffa9dbcf5e968e025474bde730542464e8e51152dd0fe8b"
            ],
            "index": "pypi",
            "version": "==0.39.0"
        },
        "numpy": {
            "hashes": [
                "sha256:07379fe0b450f6fd6e5934a9bc015025bb4ce1c8fbed3ca8bef29328b1bc9570",
                "sha256:085afac75bbc97a096744fcfc97a4b321c5a87220286811e85089ae04885acdd",
                "sha256:2d6481c6bdab1c75affc0fc71eb1bd4b3ecef620d06f2f60c3f00521d54be04f",
                "sha256:2df854df882d322d5c23087a4959e145b953dfff2abe1774fec4f639ac2f3160",
                "sha256:381ad13c30cd1d0b2f3da8a0c1a4aa697487e8bb0e9e0cbeb7439776bcb645f8",
                "sha256:385f1ce46e08676505b692bfde918c1e0b350963a15ef52d77691c2cf0f5dbf6",
                "sha256:4130e5ae16c656b7de654dc5e595cfeb85d3a4b0bb0734d19c0dce6dc7ee0e07",
                "sha256:4d278c2261be6423c5e63d8f0ceb1b0c6db3ff83f2906f4b860db6ae99ca1bb5",
                "sha256:51c5dcb51cf88b34b7d04c15f600b07c6ccbb73a089a38af2ab83c02862318da",
                "sha256:589336ba5199c8061239cf446ee2f2f1fcc0c68e8531ee1382b6fc0c66b2d388",
                "sha256:5ae3564cb630e155a650f4f9c054589848e97836bebae5637240a0d8099f817b",
                "sha256:5edf1acc827ed139086af95ce4449b7b664f57a8c29eb755411a634be280d9f2",
                "sha256:6b82b81c6b3b70ed40bc6d0b71222ebfcd6b6c04a6e7945a936e514b9113d5a3",
                "sha256:6c57f973218b776195d0356e556ec932698f3a563e2f640cfca7020086383f50",
                "sha256:758d1091a501fd2d75034e55e7e98bfd1370dc089160845c242db1c760d944d9",
                "sha256:8622db292b766719810e0cb0f62ef6141e15fe32b04e4eb2959888319e59336b",
                "sha256:8b8dcfcd630f1981f0f1e3846fae883376762a0c1b472baa35b145b911683b7b",
                "sha256:91fdd510743ae4df862dbd51a4354519dd9fb8941347526cd9c2194b792b3da9",
                "sha256:97fa8f1dceffab782069b291e38c4c2227f255cdac5f1e3346666931df87373e",
                "sha256:9b705f18b26fb551366ab6347ba9941b62272bf71c6bbcadcd8af94d10535241",
                "sha256:9d69967673ab7b028c2df09cae05ba56bf4e39e3cb04ebe452b6035c3b49848e",
                "sha256:9e1f53afae865cc32459ad211493cf9e2a3651a7295b7a38654ef3d123808996",
                "sha256:a4a433b3a264dbc9aa9c7c241e87c0358a503ea6394f8737df1683c7c9a102ac",
                "sha256:baadc5f770917ada556afb7651a68176559f4dca5f4b2d0947cd15b9fb84fb51",
                "sha256:c725d11990a9243e6ceffe0ab25a07c46c1cc2c5dc55e305717b5afe856c9608",
                "sha256:d696a8c87315a83983fc59dd27efe034292b9e8ad667aeae51a68b4be14690d9",
                "sha256:e1864a4e9f93ddb2dc6b62ccc2ec1f8250ff4ac0d3d7a15c8985dd4e1fbd6418",
                "sha256:e1d18421a7e2ad4a655b76e65d549d4159f8874c18a417464c1d439ee7ccc7cd"
            ],
            "index": "pypi",
            "version": "==1.14.5"
        },
        "pluggy": {
            "hashes": [
                "sha256:7f8ae7f5bdf75671a718d2daf0a64b7885f74510bcd98b1a0bb420eb9a9d0cff",
                "sha256:d345c8fe681115900d6da8d048ba67c25df42973bda370783cd58826442dcd7c",
                "sha256:e160a7fcf25762bb60efc7e171d4497ff1d8d2d75a3d0df7a21b76821ecbf5c5"
            ],
            "markers": "python_version >= '2.7' and python_version != '3.0.*' and python_version != '3.2.*' and python_version != '3.3.*' and python_version != '3.1.*'",
            "version": "==0.6.0"
        },
        "py": {
            "hashes": [
                "sha256:3fd59af7435864e1a243790d322d763925431213b6b8529c6ca71081ace3bbf7",
                "sha256:e31fb2767eb657cbde86c454f02e99cb846d3cd9d61b318525140214fdc0e98e"
            ],
            "markers": "python_version >= '2.7' and python_version != '3.0.*' and python_version != '3.2.*' and python_version != '3.3.*' and python_version != '3.1.*'",
            "version": "==1.5.4"
        },
        "pyedflib": {
            "hashes": [
                "sha256:087fe3c7e1835763858c12ee5f1a23df19ae12b6caa32c99fde4fa78ed7c31a7",
                "sha256:0a9fba988769beee8efd59a2c385a8f0efebed9030cfa2a182c08261ebb26f5d",
                "sha256:14bcd4df15518651a46d610d3cd475329fd944f7d7d5a41fef0b379282ad0e84",
                "sha256:1802545e01a998402324f7d296b17bbbe3f089994c2e90a7e093f31d1fcc6f93",
                "sha256:2bdab7ea8cf7d7df27a4eb5e876aceeb13c948a4b4daf2578b19df8a971f733a",
                "sha256:2c8db55511fa33eef41df45c8122b2de46a066e2ea2742488ea73bf94dd00888",
                "sha256:364e3eb2252962bc912bd6aa71cb6a85631bbce1cb8608266acf1f39954aeddf",
                "sha256:50e653ccb9c555cf826ae19db42ea650d6bf30a917c7b07b37f37ed386ac2b32",
                "sha256:5269e16fdc93054c69e46ea0852261e711bd470d68fbfa3696eed5f30858f575",
                "sha256:5709c877dfe2e6d01c23bfe721422e5e2382d41a89b40c233de39f09277a72b4",
                "sha256:57f646451b18ccf99938a9284c3fa10ac3dcc948e9445afd1f2a9632f4d286e0",
                "sha256:709f36abdbdad04c880f7f785670c6db27d5369139aec096fb9d63d8b63416b8",
                "sha256:729dfe5202e45676c1a867431d1044dc136ee7bfac95844ba08ef7b0e5810682",
                "sha256:880a394fcc4b4d455cfc475d5aaee2959e91f0c1d9088436803f8ce679075da2",
                "sha256:967a3c19589d8c9c1ba637e165bdf755f0fe4401bd686531f202106bc454ddf4",
                "sha256:a1016b5afa332f63cbfdece3a6ae8c084c826494317a34fddab18d2666fbff05",
                "sha256:a30f5c04d134a20703d76ecd00b58baec31b7698fcc527b4c2ae803057de8d0d",
                "sha256:acd2f21116bad6c1b5130c338659409d30abb4a14e67e0e26b4856e699ea4260",
                "sha256:bed92508c067b6b52cf3d9485c54a63f9e4a41cc01bc5f2aa09015fd47e06698",
                "sha256:cc1031c029d03d68766aced1689080e6d0bace5248bc3e8fa715b5a4ee01313d",
                "sha256:d7d761eb8f7fd5fb2d6495b85a9125dd112111e10ddd9009a8d24a48033bbe39",
                "sha256:e1d8c444cb00ca620076ca9d0878cbbc7f417c9b24e8d2417bce62dd08b42566",
                "sha256:f2eb6846fbfbd68ce15d649a015d1a719a2e8109b726149d23259281ef2c691b"
            ],
            "index": "pypi",
            "markers": "python_version != '3.1.*' and python_version >= '2.7' and python_version != '3.2.*' and python_version != '3.0.*' and python_version != '3.3.*'",
            "version": "==0.1.12"
        },
        "pyqt5": {
            "hashes": [
                "sha256:700b8bb0357bf0ac312bce283449de733f5773dfc77083664be188c8e964c007",
                "sha256:76d52f3627fac8bfdbc4857ce52a615cd879abd79890cde347682ff9b4b245a2",
                "sha256:7d0f7c0aed9c3ef70d5856e99f30ebcfe25a58300158dd46ee544cbe1c5b53db",
                "sha256:d5dc2faf0aeacd0e8b69af1dc9f1276a64020193148356bb319bdfae22b78f88"
            ],
            "index": "pypi",
            "version": "==5.11.2"
        },
        "pyqt5-sip": {
            "hashes": [
                "sha256:3bcd8efae7798ce41aa7c3a052bd5ce1849f437530b8a717bae39197e780f505",
                "sha256:4a3c5767d6c238d8c62d252ac59312fac8b2264a1e8a5670081d7f3545893005",
                "sha256:67481d70fb0c7fb83e77b9025e15d0e78c7647c228eef934bd20ba716845a519",
                "sha256:7b2e563e4e56adee00101a29913fdcc49cc714f6c4f7eb35449f493c3a88fc45",
                "sha256:92a4950cba7ad7b7f67c09bdf80170ac225b38844b3a10f1271b02bace2ffc64",
                "sha256:9309c10f9e648521cfe03b62f4658dad2314f81886062cb30e0ad31b337e14b0",
                "sha256:9f524e60fa6113b50c48fbd869b2aef19833f3fe278097b1e7403e8f4dd5392c",
                "sha256:a10f59ad65b34e183853e1387b68901f473a2041f7398fac87c4e445ab149830",
                "sha256:abc2b2df469b4efb01d9dba4b804cbf0312f109ed74752dc3a37394a77d55b1f",
                "sha256:c09c17009a2dd2a6317a14d3cea9b2300fdb2206cf9bc4bae0870d1919897935",
                "sha256:c30c162e1430fd5a02207f1bd478e170c61d89fcca11ac6d8babb73cb33a86a8",
                "sha256:f00ceceef75a2140fda737bd30847ac69b7d92fbd32b6ea7b387017e72176bd8"
            ],
            "version": "==4.19.12"
        },
        "pyqtgraph": {
            "hashes": [
                "sha256:4c08ab34881fae5ecf9ddfe6c1220b9e41e6d3eb1579a7d8ef501abb8e509251"
            ],
            "index": "pypi",
            "version": "==0.10.0"
        },
        "pytest": {
            "hashes": [
                "sha256:0453c8676c2bee6feb0434748b068d5510273a916295fd61d306c4f22fbfd752",
                "sha256:4b208614ae6d98195430ad6bde03641c78553acee7c83cec2e85d613c0cd383d"
            ],
            "index": "pypi",
            "version": "==3.6.3"
        },
        "pytest-qt": {
            "hashes": [
                "sha256:dde9011f0a953188890ae985a83cc8844b836c723e19edf8af2492c1bee42892",
                "sha256:e25daeb7d7288bd75d200939d43ca43e4730b53afe54d0eb7dcb35f67d1af01b"
            ],
            "index": "pypi",
            "version": "==3.0.0"
        },
        "pytest-runner": {
            "hashes": [
                "sha256:d23f117be39919f00dd91bffeb4f15e031ec797501b717a245e377aee0f577be",
                "sha256:d987fec1e31287592ffe1cb823a8c613c533db4c6aaca0ee1191dbc91e2fcc61"
            ],
            "index": "pypi",
            "version": "==4.2"
        },
        "qtawesome": {
            "hashes": [
                "sha256:2f0eecff1bb097a6d9be5027e621b1a9b87cff24ea5135d67be1cf884c506d0a",
                "sha256:50f9c1d9ce34e57f5b13ef76d5c87e06de9804b8dfe1c34c4ba73197200f878a"
            ],
            "index": "pypi",
            "version": "==0.4.4"
        },
        "qtpy": {
            "hashes": [
                "sha256:09361dbfe5e7b35ee038ef727b2b21ca764285243d1d028fedc322d5cb05b9ef",
                "sha256:1d1a4343540433a203280f162d43226e4c87489155fe4a9a6f1923ba11362bf9"
            ],
            "index": "pypi",
            "version": "==1.4.2"
        },
        "scipy": {
            "hashes": [
                "sha256:0611ee97296265af4a21164a5323f8c1b4e8e15c582d3dfa7610825900136bb7",
                "sha256:08237eda23fd8e4e54838258b124f1cd141379a5f281b0a234ca99b38918c07a",
                "sha256:0e645dbfc03f279e1946cf07c9c754c2a1859cb4a41c5f70b25f6b3a586b6dbd",
                "sha256:0e9bb7efe5f051ea7212555b290e784b82f21ffd0f655405ac4f87e288b730b3",
                "sha256:108c16640849e5827e7d51023efb3bd79244098c3f21e4897a1007720cb7ce37",
                "sha256:340ef70f5b0f4e2b4b43c8c8061165911bc6b2ad16f8de85d9774545e2c47463",
                "sha256:3ad73dfc6f82e494195144bd3a129c7241e761179b7cb5c07b9a0ede99c686f3",
                "sha256:3b243c77a822cd034dad53058d7c2abf80062aa6f4a32e9799c95d6391558631",
                "sha256:404a00314e85eca9d46b80929571b938e97a143b4f2ddc2b2b3c91a4c4ead9c5",
                "sha256:423b3ff76957d29d1cce1bc0d62ebaf9a3fdfaf62344e3fdec14619bb7b5ad3a",
                "sha256:42d9149a2fff7affdd352d157fa5717033767857c11bd55aa4a519a44343dfef",
                "sha256:625f25a6b7d795e8830cb70439453c9f163e6870e710ec99eba5722775b318f3",
                "sha256:698c6409da58686f2df3d6f815491fd5b4c2de6817a45379517c92366eea208f",
                "sha256:729f8f8363d32cebcb946de278324ab43d28096f36593be6281ca1ee86ce6559",
                "sha256:8190770146a4c8ed5d330d5b5ad1c76251c63349d25c96b3094875b930c44692",
                "sha256:878352408424dffaa695ffedf2f9f92844e116686923ed9aa8626fc30d32cfd1",
                "sha256:8b984f0821577d889f3c7ca8445564175fb4ac7c7f9659b7c60bef95b2b70e76",
                "sha256:8f841bbc21d3dad2111a94c490fb0a591b8612ffea86b8e5571746ae76a3deac",
                "sha256:c22b27371b3866c92796e5d7907e914f0e58a36d3222c5d436ddd3f0e354227a",
                "sha256:d0cdd5658b49a722783b8b4f61a6f1f9c75042d0e29a30ccb6cacc9b25f6d9e2",
                "sha256:d40dc7f494b06dcee0d303e51a00451b2da6119acbeaccf8369f2d29e28917ac",
                "sha256:d8491d4784aceb1f100ddb8e31239c54e4afab8d607928a9f7ef2469ec35ae01",
                "sha256:dfc5080c38dde3f43d8fbb9c0539a7839683475226cf83e4b24363b227dfe552",
                "sha256:e24e22c8d98d3c704bb3410bce9b69e122a8de487ad3dbfe9985d154e5c03a40",
                "sha256:e7a01e53163818d56eabddcafdc2090e9daba178aad05516b20c6591c4811020",
                "sha256:ee677635393414930541a096fc8e61634304bb0153e4e02b75685b11eba14cae",
                "sha256:f0521af1b722265d824d6ad055acfe9bd3341765735c44b5a4d0069e189a0f40",
                "sha256:f25c281f12c0da726c6ed00535ca5d1622ec755c30a3f8eafef26cf43fede694"
            ],
            "index": "pypi",
            "version": "==1.1.0"
        },
        "six": {
            "hashes": [
                "sha256:70e8a77beed4562e7f14fe23a786b54f6296e34344c23bc42f07b15018ff98e9",
                "sha256:832dc0e10feb1aa2c68dcc57dbb658f1c7e65b9b61af69048abc87a2db00a0eb"
            ],
            "version": "==1.11.0"
        },
        "sqlalchemy": {
            "hashes": [
                "sha256:72325e67fb85f6e9ad304c603d83626d1df684fdf0c7ab1f0352e71feeab69d8"
            ],
            "index": "pypi",
            "version": "==1.2.10"
        },
        "timeview": {
            "editable": true,
            "path": "."
        }
    }
}
